
Microsoft Visual Studio Solution File, Format Version 12.00
# Visual Studio Version 17
VisualStudioVersion = 17.14.36429.23
MinimumVisualStudioVersion = 10.0.40219.1
Project("{2150E333-8FDC-42A3-9474-1A3956D46DE8}") = "Task0", "Task0", "{02EA681E-C7D8-13C7-8484-4AC65E1B71E8}"
EndProject
Project("{FAE04EC0-301F-11D3-BF4B-00C04F79EFBC}") = "Tyuiu.GroshevID.Sprint0.Task0.V0", "Tyuiu.GroshevID.Sprint0.Task0.V0\Tyuiu.GroshevID.Sprint0.Task0.V0.csproj", "{9B2227F8-3056-4446-8593-CB1E2C520AB2}"
EndProject
Project("{2150E333-8FDC-42A3-9474-1A3956D46DE8}") = "Task1", "Task1", "{882B1F05-B39B-46A4-AF2D-418AA81BFD09}"
EndProject
Project("{FAE04EC0-301F-11D3-BF4B-00C04F79EFBC}") = "Tyuiu.GroshevID.Sprint0.Task1.V0", "Tyuiu.GroshevID.Sprint0.Task1.V0\Tyuiu.GroshevID.Sprint0.Task1.V0.csproj", "{9F3BE047-86DA-4D23-9730-01F61F69A2AB}"
EndProject
Project("{2150E333-8FDC-42A3-9474-1A3956D46DE8}") = "Task2", "Task2", "{D5ACAB84-7A88-42BF-A9F2-800B09B11AA7}"
EndProject
Project("{FAE04EC0-301F-11D3-BF4B-00C04F79EFBC}") = "Tyuiu.GroshevID.Sprint0.Task2.V0", "Tyuiu.GroshevID.Sprint0.Task2.V0\Tyuiu.GroshevID.Sprint0.Task2.V0.csproj", "{E9E3F59A-82E3-4E98-879A-81931B128181}"
EndProject
Project("{FAE04EC0-301F-11D3-BF4B-00C04F79EFBC}") = "Tyuiu.GroshevID.Sprint0.Task2.V0.Lib", "Tyuiu.GroshevID.Sprint0.Task2.V0.Lib\Tyuiu.GroshevID.Sprint0.Task2.V0.Lib.csproj", "{DDE2B6A8-89C2-4C47-B913-809FE67F5D84}"
EndProject
Project("{FAE04EC0-301F-11D3-BF4B-00C04F79EFBC}") = "Tyuiu.GroshevID.Sprint0.Task2.V0.Test", "TestProject1\Tyuiu.GroshevID.Sprint0.Task2.V0.Test.csproj", "{FC4E8F82-D704-47DE-829D-A3E98E4ABD96}"
EndProject
Project("{2150E333-8FDC-42A3-9474-1A3956D46DE8}") = "Task3", "Task3", "{B3D776D9-48E5-4FFA-84E0-69541D908006}"
EndProject
Project("{FAE04EC0-301F-11D3-BF4B-00C04F79EFBC}") = "Tyuiu.GroshevID.Sprint0.Task3.V0", "Tyuiu.GroshevID.Sprint0.Task3.V0\Tyuiu.GroshevID.Sprint0.Task3.V0.csproj", "{12C73049-DD59-4DCE-A9B5-A343E61202EA}"
EndProject
Project("{FAE04EC0-301F-11D3-BF4B-00C04F79EFBC}") = "Tyuiu.GroshevID.Sprint0.Task3.V0.Lib", "Tyuiu.GroshevID.Sprint0.Task3.V0.Lib\Tyuiu.GroshevID.Sprint0.Task3.V0.Lib.csproj", "{BA210C10-9DD5-49C5-82F7-DAE5B45DB44E}"
EndProject
Project("{FAE04EC0-301F-11D3-BF4B-00C04F79EFBC}") = "Tyuiu.GroshevID.Sprint0.Task3.V0.Test", "Tyuiu.GroshevID.Sprint0.Task3.V0.Test\Tyuiu.GroshevID.Sprint0.Task3.V0.Test.csproj", "{1B2A73A2-57D7-4C4D-B796-2508BA49C597}"
EndProject
Project("{2150E333-8FDC-42A3-9474-1A3956D46DE8}") = "Task4", "Task4", "{A6294A8E-35D0-41F4-94CE-875A74F8718B}"
EndProject
Project("{FAE04EC0-301F-11D3-BF4B-00C04F79EFBC}") = "Tyuiu.GroshevID.Sprint0.Task4.V0", "Tyuiu.GroshevID.Sprint0.Task4.V0\Tyuiu.GroshevID.Sprint0.Task4.V0.csproj", "{9E03885A-8520-4831-A17A-4DC7D35DD1D2}"
EndProject
Project("{FAE04EC0-301F-11D3-BF4B-00C04F79EFBC}") = "Tyuiu.GroshevID.Sprint0.Task4.V0.Lib", "Tyuiu.GroshevID.Sprint0.Task4.V0.Lib\Tyuiu.GroshevID.Sprint0.Task4.V0.Lib.csproj", "{295F1D09-BF29-4DE0-A0FC-3A08CBD691D9}"
EndProject
Project("{FAE04EC0-301F-11D3-BF4B-00C04F79EFBC}") = "Tyuiu.GroshevID.Sprint0.Task4.V0.Test", "Tyuiu.GroshevID.Sprint0.Task4.V0.Test\Tyuiu.GroshevID.Sprint0.Task4.V0.Test.csproj", "{7923A4B8-B4B3-40BD-8A92-C5C0C74236E5}"
EndProject
Project("{2150E333-8FDC-42A3-9474-1A3956D46DE8}") = "Task5", "Task5", "{35AE56AB-999D-4DE9-9C33-B3C65E3588F6}"
EndProject
Project("{FAE04EC0-301F-11D3-BF4B-00C04F79EFBC}") = "Tyuiu.GroshevID.Sprint0.Task5.V0", "Tyuiu.GroshevID.Sprint0.Task5.V0\Tyuiu.GroshevID.Sprint0.Task5.V0.csproj", "{7BADA802-407B-481E-9689-CECE47BF0DA3}"
EndProject
Project("{FAE04EC0-301F-11D3-BF4B-00C04F79EFBC}") = "Tyuiu.GroshevID.Sprint0.Task5.V0.Lib", "Tyuiu.GroshevID.Sprint0.Task5.V0.Lib\Tyuiu.GroshevID.Sprint0.Task5.V0.Lib.csproj", "{FDD30014-06B5-4ED7-8769-5677A32B201B}"
EndProject
Project("{FAE04EC0-301F-11D3-BF4B-00C04F79EFBC}") = "Tyuiu.GroshevID.Sprint0.Task5.V0.Test", "Tyuiu.GroshevID.Sprint0.Task5.V0.Test\Tyuiu.GroshevID.Sprint0.Task5.V0.Test.csproj", "{6179B9F5-D42B-40C3-B1CE-2AC899699B93}"
EndProject
Project("{2150E333-8FDC-42A3-9474-1A3956D46DE8}") = "Task6", "Task6", "{F1621620-0539-47B0-AA11-8883BE1E8087}"
EndProject
Project("{FAE04EC0-301F-11D3-BF4B-00C04F79EFBC}") = "Tyuiu.GroshevID.Sprint0.Task6.V0", "Tyuiu.GroshevID.Sprint0.Task6.V0\Tyuiu.GroshevID.Sprint0.Task6.V0.csproj", "{16CACBB3-1668-4C71-9E9B-748661B48FA8}"
EndProject
Project("{FAE04EC0-301F-11D3-BF4B-00C04F79EFBC}") = "Tyuiu.GroshevID.Sprint0.Task6.V0.Lib", "Tyuiu.GroshevID.Sprint0.Task6.V0.Lib\Tyuiu.GroshevID.Sprint0.Task6.V0.Lib.csproj", "{51B0F9EF-AE7E-48CE-A3DB-BAE89BFCD8BE}"
EndProject
Project("{FAE04EC0-301F-11D3-BF4B-00C04F79EFBC}") = "Tyuiu.GroshevID.Sprint0.Task6.V0.Test", "Tyuiu.GroshevID.Sprint0.Task6.V0.Test\Tyuiu.GroshevID.Sprint0.Task6.V0.Test.csproj", "{2443FE01-0277-4929-BAAD-D71D7663955C}"
EndProject
Global
	GlobalSection(SolutionConfigurationPlatforms) = preSolution
		Debug|Any CPU = Debug|Any CPU
		Release|Any CPU = Release|Any CPU
	EndGlobalSection
	GlobalSection(ProjectConfigurationPlatforms) = postSolution
		{9B2227F8-3056-4446-8593-CB1E2C520AB2}.Debug|Any CPU.ActiveCfg = Debug|Any CPU
		{9B2227F8-3056-4446-8593-CB1E2C520AB2}.Debug|Any CPU.Build.0 = Debug|Any CPU
		{9B2227F8-3056-4446-8593-CB1E2C520AB2}.Release|Any CPU.ActiveCfg = Release|Any CPU
		{9B2227F8-3056-4446-8593-CB1E2C520AB2}.Release|Any CPU.Build.0 = Release|Any CPU
		{9F3BE047-86DA-4D23-9730-01F61F69A2AB}.Debug|Any CPU.ActiveCfg = Debug|Any CPU
		{9F3BE047-86DA-4D23-9730-01F61F69A2AB}.Debug|Any CPU.Build.0 = Debug|Any CPU
		{9F3BE047-86DA-4D23-9730-01F61F69A2AB}.Release|Any CPU.ActiveCfg = Release|Any CPU
		{9F3BE047-86DA-4D23-9730-01F61F69A2AB}.Release|Any CPU.Build.0 = Release|Any CPU
		{E9E3F59A-82E3-4E98-879A-81931B128181}.Debug|Any CPU.ActiveCfg = Debug|Any CPU
		{E9E3F59A-82E3-4E98-879A-81931B128181}.Debug|Any CPU.Build.0 = Debug|Any CPU
		{E9E3F59A-82E3-4E98-879A-81931B128181}.Release|Any CPU.ActiveCfg = Release|Any CPU
		{E9E3F59A-82E3-4E98-879A-81931B128181}.Release|Any CPU.Build.0 = Release|Any CPU
		{DDE2B6A8-89C2-4C47-B913-809FE67F5D84}.Debug|Any CPU.ActiveCfg = Debug|Any CPU
		{DDE2B6A8-89C2-4C47-B913-809FE67F5D84}.Debug|Any CPU.Build.0 = Debug|Any CPU
		{DDE2B6A8-89C2-4C47-B913-809FE67F5D84}.Release|Any CPU.ActiveCfg = Release|Any CPU
		{DDE2B6A8-89C2-4C47-B913-809FE67F5D84}.Release|Any CPU.Build.0 = Release|Any CPU
		{FC4E8F82-D704-47DE-829D-A3E98E4ABD96}.Debug|Any CPU.ActiveCfg = Debug|Any CPU
		{FC4E8F82-D704-47DE-829D-A3E98E4ABD96}.Debug|Any CPU.Build.0 = Debug|Any CPU
		{FC4E8F82-D704-47DE-829D-A3E98E4ABD96}.Release|Any CPU.ActiveCfg = Release|Any CPU
		{FC4E8F82-D704-47DE-829D-A3E98E4ABD96}.Release|Any CPU.Build.0 = Release|Any CPU
		{12C73049-DD59-4DCE-A9B5-A343E61202EA}.Debug|Any CPU.ActiveCfg = Debug|Any CPU
		{12C73049-DD59-4DCE-A9B5-A343E61202EA}.Debug|Any CPU.Build.0 = Debug|Any CPU
		{12C73049-DD59-4DCE-A9B5-A343E61202EA}.Release|Any CPU.ActiveCfg = Release|Any CPU
		{12C73049-DD59-4DCE-A9B5-A343E61202EA}.Release|Any CPU.Build.0 = Release|Any CPU
		{BA210C10-9DD5-49C5-82F7-DAE5B45DB44E}.Debug|Any CPU.ActiveCfg = Debug|Any CPU
		{BA210C10-9DD5-49C5-82F7-DAE5B45DB44E}.Debug|Any CPU.Build.0 = Debug|Any CPU
		{BA210C10-9DD5-49C5-82F7-DAE5B45DB44E}.Release|Any CPU.ActiveCfg = Release|Any CPU
		{BA210C10-9DD5-49C5-82F7-DAE5B45DB44E}.Release|Any CPU.Build.0 = Release|Any CPU
		{1B2A73A2-57D7-4C4D-B796-2508BA49C597}.Debug|Any CPU.ActiveCfg = Debug|Any CPU
		{1B2A73A2-57D7-4C4D-B796-2508BA49C597}.Debug|Any CPU.Build.0 = Debug|Any CPU
		{1B2A73A2-57D7-4C4D-B796-2508BA49C597}.Release|Any CPU.ActiveCfg = Release|Any CPU
		{1B2A73A2-57D7-4C4D-B796-2508BA49C597}.Release|Any CPU.Build.0 = Release|Any CPU
		{9E03885A-8520-4831-A17A-4DC7D35DD1D2}.Debug|Any CPU.ActiveCfg = Debug|Any CPU
		{9E03885A-8520-4831-A17A-4DC7D35DD1D2}.Debug|Any CPU.Build.0 = Debug|Any CPU
		{9E03885A-8520-4831-A17A-4DC7D35DD1D2}.Release|Any CPU.ActiveCfg = Release|Any CPU
		{9E03885A-8520-4831-A17A-4DC7D35DD1D2}.Release|Any CPU.Build.0 = Release|Any CPU
		{295F1D09-BF29-4DE0-A0FC-3A08CBD691D9}.Debug|Any CPU.ActiveCfg = Debug|Any CPU
		{295F1D09-BF29-4DE0-A0FC-3A08CBD691D9}.Debug|Any CPU.Build.0 = Debug|Any CPU
		{295F1D09-BF29-4DE0-A0FC-3A08CBD691D9}.Release|Any CPU.ActiveCfg = Release|Any CPU
		{295F1D09-BF29-4DE0-A0FC-3A08CBD691D9}.Release|Any CPU.Build.0 = Release|Any CPU
		{7923A4B8-B4B3-40BD-8A92-C5C0C74236E5}.Debug|Any CPU.ActiveCfg = Debug|Any CPU
		{7923A4B8-B4B3-40BD-8A92-C5C0C74236E5}.Debug|Any CPU.Build.0 = Debug|Any CPU
		{7923A4B8-B4B3-40BD-8A92-C5C0C74236E5}.Release|Any CPU.ActiveCfg = Release|Any CPU
		{7923A4B8-B4B3-40BD-8A92-C5C0C74236E5}.Release|Any CPU.Build.0 = Release|Any CPU
		{7BADA802-407B-481E-9689-CECE47BF0DA3}.Debug|Any CPU.ActiveCfg = Debug|Any CPU
		{7BADA802-407B-481E-9689-CECE47BF0DA3}.Debug|Any CPU.Build.0 = Debug|Any CPU
		{7BADA802-407B-481E-9689-CECE47BF0DA3}.Release|Any CPU.ActiveCfg = Release|Any CPU
		{7BADA802-407B-481E-9689-CECE47BF0DA3}.Release|Any CPU.Build.0 = Release|Any CPU
		{FDD30014-06B5-4ED7-8769-5677A32B201B}.Debug|Any CPU.ActiveCfg = Debug|Any CPU
		{FDD30014-06B5-4ED7-8769-5677A32B201B}.Debug|Any CPU.Build.0 = Debug|Any CPU
		{FDD30014-06B5-4ED7-8769-5677A32B201B}.Release|Any CPU.ActiveCfg = Release|Any CPU
		{FDD30014-06B5-4ED7-8769-5677A32B201B}.Release|Any CPU.Build.0 = Release|Any CPU
		{6179B9F5-D42B-40C3-B1CE-2AC899699B93}.Debug|Any CPU.ActiveCfg = Debug|Any CPU
		{6179B9F5-D42B-40C3-B1CE-2AC899699B93}.Debug|Any CPU.Build.0 = Debug|Any CPU
		{6179B9F5-D42B-40C3-B1CE-2AC899699B93}.Release|Any CPU.ActiveCfg = Release|Any CPU
		{6179B9F5-D42B-40C3-B1CE-2AC899699B93}.Release|Any CPU.Build.0 = Release|Any CPU
		{16CACBB3-1668-4C71-9E9B-748661B48FA8}.Debug|Any CPU.ActiveCfg = Debug|Any CPU
		{16CACBB3-1668-4C71-9E9B-748661B48FA8}.Debug|Any CPU.Build.0 = Debug|Any CPU
		{16CACBB3-1668-4C71-9E9B-748661B48FA8}.Release|Any CPU.ActiveCfg = Release|Any CPU
		{16CACBB3-1668-4C71-9E9B-748661B48FA8}.Release|Any CPU.Build.0 = Release|Any CPU
		{51B0F9EF-AE7E-48CE-A3DB-BAE89BFCD8BE}.Debug|Any CPU.ActiveCfg = Debug|Any CPU
		{51B0F9EF-AE7E-48CE-A3DB-BAE89BFCD8BE}.Debug|Any CPU.Build.0 = Debug|Any CPU
		{51B0F9EF-AE7E-48CE-A3DB-BAE89BFCD8BE}.Release|Any CPU.ActiveCfg = Release|Any CPU
		{51B0F9EF-AE7E-48CE-A3DB-BAE89BFCD8BE}.Release|Any CPU.Build.0 = Release|Any CPU
		{2443FE01-0277-4929-BAAD-D71D7663955C}.Debug|Any CPU.ActiveCfg = Debug|Any CPU
		{2443FE01-0277-4929-BAAD-D71D7663955C}.Debug|Any CPU.Build.0 = Debug|Any CPU
		{2443FE01-0277-4929-BAAD-D71D7663955C}.Release|Any CPU.ActiveCfg = Release|Any CPU
		{2443FE01-0277-4929-BAAD-D71D7663955C}.Release|Any CPU.Build.0 = Release|Any CPU
	EndGlobalSection
	GlobalSection(SolutionProperties) = preSolution
		HideSolutionNode = FALSE
	EndGlobalSection
	GlobalSection(NestedProjects) = preSolution
		{9B2227F8-3056-4446-8593-CB1E2C520AB2} = {02EA681E-C7D8-13C7-8484-4AC65E1B71E8}
		{9F3BE047-86DA-4D23-9730-01F61F69A2AB} = {882B1F05-B39B-46A4-AF2D-418AA81BFD09}
		{E9E3F59A-82E3-4E98-879A-81931B128181} = {D5ACAB84-7A88-42BF-A9F2-800B09B11AA7}
		{DDE2B6A8-89C2-4C47-B913-809FE67F5D84} = {D5ACAB84-7A88-42BF-A9F2-800B09B11AA7}
		{FC4E8F82-D704-47DE-829D-A3E98E4ABD96} = {D5ACAB84-7A88-42BF-A9F2-800B09B11AA7}
		{12C73049-DD59-4DCE-A9B5-A343E61202EA} = {B3D776D9-48E5-4FFA-84E0-69541D908006}
		{BA210C10-9DD5-49C5-82F7-DAE5B45DB44E} = {B3D776D9-48E5-4FFA-84E0-69541D908006}
		{1B2A73A2-57D7-4C4D-B796-2508BA49C597} = {B3D776D9-48E5-4FFA-84E0-69541D908006}
		{9E03885A-8520-4831-A17A-4DC7D35DD1D2} = {A6294A8E-35D0-41F4-94CE-875A74F8718B}
		{295F1D09-BF29-4DE0-A0FC-3A08CBD691D9} = {A6294A8E-35D0-41F4-94CE-875A74F8718B}
		{7923A4B8-B4B3-40BD-8A92-C5C0C74236E5} = {A6294A8E-35D0-41F4-94CE-875A74F8718B}
		{7BADA802-407B-481E-9689-CECE47BF0DA3} = {35AE56AB-999D-4DE9-9C33-B3C65E3588F6}
		{FDD30014-06B5-4ED7-8769-5677A32B201B} = {35AE56AB-999D-4DE9-9C33-B3C65E3588F6}
		{6179B9F5-D42B-40C3-B1CE-2AC899699B93} = {35AE56AB-999D-4DE9-9C33-B3C65E3588F6}
		{16CACBB3-1668-4C71-9E9B-748661B48FA8} = {F1621620-0539-47B0-AA11-8883BE1E8087}
		{51B0F9EF-AE7E-48CE-A3DB-BAE89BFCD8BE} = {F1621620-0539-47B0-AA11-8883BE1E8087}
		{2443FE01-0277-4929-BAAD-D71D7663955C} = {F1621620-0539-47B0-AA11-8883BE1E8087}
	EndGlobalSection
	GlobalSection(ExtensibilityGlobals) = postSolution
		SolutionGuid = {9F22B504-E475-48F2-BD94-346A3EBA934A}
	EndGlobalSection
EndGlobal
